
Microsoft Visual Studio Solution File, Format Version 12.00
# Visual Studio Version 16
VisualStudioVersion = 16.0.29613.14
MinimumVisualStudioVersion = 10.0.40219.1
Project("{FAE04EC0-301F-11D3-BF4B-00C04F79EFBC}") = "homeWorkLesson10_1", "homeWorkLesson10_1\homeWorkLesson10_1.csproj", "{400421AF-19EB-43FC-B920-8ECB0D55649F}"
EndProject
Project("{FAE04EC0-301F-11D3-BF4B-00C04F79EFBC}") = "homeWorkLesson10_2", "homeWorkLesson10_2\homeWorkLesson10_2.csproj", "{00AB6E6E-ACD0-4AE5-BC8B-0EAD0B3AC709}"
EndProject
Project("{FAE04EC0-301F-11D3-BF4B-00C04F79EFBC}") = "homeWorkLesson10_4", "homeWorkLesson10_4\homeWorkLesson10_4.csproj", "{A7EAE464-F1AF-4442-9380-A02FF8416447}"
EndProject
Project("{FAE04EC0-301F-11D3-BF4B-00C04F79EFBC}") = "homeWorkLesson10_5", "homeWorkLesson10_5\homeWorkLesson10_5.csproj", "{CD5F56C3-D5EC-41EA-B781-C948D4931DC2}"
EndProject
Project("{FAE04EC0-301F-11D3-BF4B-00C04F79EFBC}") = "homeWorkLesson10_3", "homeWorkLesson10_3\homeWorkLesson10_3.csproj", "{C0B36338-ABBF-4F16-AA72-130755F9565B}"
EndProject
Global
	GlobalSection(SolutionConfigurationPlatforms) = preSolution
		Debug|Any CPU = Debug|Any CPU
		Release|Any CPU = Release|Any CPU
	EndGlobalSection
	GlobalSection(ProjectConfigurationPlatforms) = postSolution
		{400421AF-19EB-43FC-B920-8ECB0D55649F}.Debug|Any CPU.ActiveCfg = Debug|Any CPU
		{400421AF-19EB-43FC-B920-8ECB0D55649F}.Debug|Any CPU.Build.0 = Debug|Any CPU
		{400421AF-19EB-43FC-B920-8ECB0D55649F}.Release|Any CPU.ActiveCfg = Release|Any CPU
		{400421AF-19EB-43FC-B920-8ECB0D55649F}.Release|Any CPU.Build.0 = Release|Any CPU
		{00AB6E6E-ACD0-4AE5-BC8B-0EAD0B3AC709}.Debug|Any CPU.ActiveCfg = Debug|Any CPU
		{00AB6E6E-ACD0-4AE5-BC8B-0EAD0B3AC709}.Debug|Any CPU.Build.0 = Debug|Any CPU
		{00AB6E6E-ACD0-4AE5-BC8B-0EAD0B3AC709}.Release|Any CPU.ActiveCfg = Release|Any CPU
		{00AB6E6E-ACD0-4AE5-BC8B-0EAD0B3AC709}.Release|Any CPU.Build.0 = Release|Any CPU
		{A7EAE464-F1AF-4442-9380-A02FF8416447}.Debug|Any CPU.ActiveCfg = Debug|Any CPU
		{A7EAE464-F1AF-4442-9380-A02FF8416447}.Debug|Any CPU.Build.0 = Debug|Any CPU
		{A7EAE464-F1AF-4442-9380-A02FF8416447}.Release|Any CPU.ActiveCfg = Release|Any CPU
		{A7EAE464-F1AF-4442-9380-A02FF8416447}.Release|Any CPU.Build.0 = Release|Any CPU
		{CD5F56C3-D5EC-41EA-B781-C948D4931DC2}.Debug|Any CPU.ActiveCfg = Debug|Any CPU
		{CD5F56C3-D5EC-41EA-B781-C948D4931DC2}.Debug|Any CPU.Build.0 = Debug|Any CPU
		{CD5F56C3-D5EC-41EA-B781-C948D4931DC2}.Release|Any CPU.ActiveCfg = Release|Any CPU
		{CD5F56C3-D5EC-41EA-B781-C948D4931DC2}.Release|Any CPU.Build.0 = Release|Any CPU
		{C0B36338-ABBF-4F16-AA72-130755F9565B}.Debug|Any CPU.ActiveCfg = Debug|Any CPU
		{C0B36338-ABBF-4F16-AA72-130755F9565B}.Debug|Any CPU.Build.0 = Debug|Any CPU
		{C0B36338-ABBF-4F16-AA72-130755F9565B}.Release|Any CPU.ActiveCfg = Release|Any CPU
		{C0B36338-ABBF-4F16-AA72-130755F9565B}.Release|Any CPU.Build.0 = Release|Any CPU
	EndGlobalSection
	GlobalSection(SolutionProperties) = preSolution
		HideSolutionNode = FALSE
	EndGlobalSection
	GlobalSection(ExtensibilityGlobals) = postSolution
		SolutionGuid = {5B0E9D14-6037-4C95-B2E8-E91E8D70A499}
	EndGlobalSection
EndGlobal
